
Microsoft Visual Studio Solution File, Format Version 12.00
# Visual Studio Version 16
VisualStudioVersion = 16.0.29409.12
MinimumVisualStudioVersion = 10.0.40219.1
Project("{FAE04EC0-301F-11D3-BF4B-00C04F79EFBC}") = "Articles", "Articles.csproj", "{A810D05A-C66B-4804-8F63-050E61ECA27B}"
EndProject
Project("{9A19103F-16F7-4668-BE54-9A1E7A4F7556}") = "ArticleAPI", "..\ArticleAPI\ArticleAPI.csproj", "{B954D9D1-6683-49FC-B51D-4011D8DC5EAC}"
EndProject
Global
	GlobalSection(SolutionConfigurationPlatforms) = preSolution
		Debug|Any CPU = Debug|Any CPU
		Release|Any CPU = Release|Any CPU
	EndGlobalSection
	GlobalSection(ProjectConfigurationPlatforms) = postSolution
		{A810D05A-C66B-4804-8F63-050E61ECA27B}.Debug|Any CPU.ActiveCfg = Debug|Any CPU
		{A810D05A-C66B-4804-8F63-050E61ECA27B}.Debug|Any CPU.Build.0 = Debug|Any CPU
		{A810D05A-C66B-4804-8F63-050E61ECA27B}.Release|Any CPU.ActiveCfg = Release|Any CPU
		{A810D05A-C66B-4804-8F63-050E61ECA27B}.Release|Any CPU.Build.0 = Release|Any CPU
		{B954D9D1-6683-49FC-B51D-4011D8DC5EAC}.Debug|Any CPU.ActiveCfg = Debug|Any CPU
		{B954D9D1-6683-49FC-B51D-4011D8DC5EAC}.Debug|Any CPU.Build.0 = Debug|Any CPU
		{B954D9D1-6683-49FC-B51D-4011D8DC5EAC}.Release|Any CPU.ActiveCfg = Release|Any CPU
		{B954D9D1-6683-49FC-B51D-4011D8DC5EAC}.Release|Any CPU.Build.0 = Release|Any CPU
	EndGlobalSection
	GlobalSection(SolutionProperties) = preSolution
		HideSolutionNode = FALSE
	EndGlobalSection
	GlobalSection(ExtensibilityGlobals) = postSolution
		SolutionGuid = {7BF2E73E-843B-40CF-9F0A-6F040CBC3650}
	EndGlobalSection
EndGlobal
